
Microsoft Visual Studio Solution File, Format Version 12.00
# Visual Studio Version 16
VisualStudioVersion = 16.0.810.16
MinimumVisualStudioVersion = 10.0.40219.1
Project("{FAE04EC0-301F-11D3-BF4B-00C04F79EFBC}") = "Microsoft.SCIM.Contracts", "Microsoft.SCIM.Contracts\Microsoft.SCIM.Contracts.csproj", "{C1679935-7CCA-4C21-9DC9-17A6FB6FC644}"
EndProject
Project("{FAE04EC0-301F-11D3-BF4B-00C04F79EFBC}") = "Microsoft.SCIM", "Microsoft.SystemForCrossDomainIdentityManagement\Microsoft.SCIM.csproj", "{DF749FE9-51F5-4CED-91F5-BAD82ED15069}"
EndProject
Global
	GlobalSection(SolutionConfigurationPlatforms) = preSolution
		Debug|Any CPU = Debug|Any CPU
		Release|Any CPU = Release|Any CPU
	EndGlobalSection
	GlobalSection(ProjectConfigurationPlatforms) = postSolution
		{C1679935-7CCA-4C21-9DC9-17A6FB6FC644}.Debug|Any CPU.ActiveCfg = Debug|Any CPU
		{C1679935-7CCA-4C21-9DC9-17A6FB6FC644}.Debug|Any CPU.Build.0 = Debug|Any CPU
		{C1679935-7CCA-4C21-9DC9-17A6FB6FC644}.Release|Any CPU.ActiveCfg = Release|Any CPU
		{C1679935-7CCA-4C21-9DC9-17A6FB6FC644}.Release|Any CPU.Build.0 = Release|Any CPU
		{DF749FE9-51F5-4CED-91F5-BAD82ED15069}.Debug|Any CPU.ActiveCfg = Debug|Any CPU
		{DF749FE9-51F5-4CED-91F5-BAD82ED15069}.Debug|Any CPU.Build.0 = Debug|Any CPU
		{DF749FE9-51F5-4CED-91F5-BAD82ED15069}.Release|Any CPU.ActiveCfg = Release|Any CPU
		{DF749FE9-51F5-4CED-91F5-BAD82ED15069}.Release|Any CPU.Build.0 = Release|Any CPU
	EndGlobalSection
	GlobalSection(SolutionProperties) = preSolution
		HideSolutionNode = FALSE
	EndGlobalSection
	GlobalSection(ExtensibilityGlobals) = postSolution
		SolutionGuid = {85AD06C3-8C1E-419A-8C55-6890D3D5F8A3}
	EndGlobalSection
EndGlobal
